{
  "nodes": {
    "darwin": {
      "inputs": {
        "nixpkgs": [
          "nixpkgs"
        ]
      },
      "locked": {
        "lastModified": 1770736414,
        "narHash": "sha256-x5xdJgUxNflO9j2sJHIHnPujDy6eAWJPCMQml5y9XB4=",
        "owner": "nix-darwin",
        "repo": "nix-darwin",
        "rev": "7c952d9a524ffbbd5b5edca38fe6d943499585cc",
        "type": "github"
      },
      "original": {
        "owner": "nix-darwin",
        "repo": "nix-darwin",
        "type": "github"
      }
    },
    "foxessModbusSrc": {
      "flake": false,
      "locked": {
        "lastModified": 1755112581,
        "narHash": "sha256-VJYFLOooHphzz2wSXU3oKGbBBjzN3l7n/Kp8tznJ5cA=",
        "owner": "nathanmarlor",
        "repo": "foxess_modbus",
        "rev": "2b3107016bcc0cc2a563c0fb2dabcd573a2a1a9d",
        "type": "github"
      },
      "original": {
        "owner": "nathanmarlor",
        "repo": "foxess_modbus",
        "type": "github"
      }
    },
    "home-manager": {
      "inputs": {
        "nixpkgs": [
          "nixpkgs"
        ]
      },
      "locked": {
        "lastModified": 1770818644,
        "narHash": "sha256-DYS4jIRpRoKOzJjnR/QqEd/MlT4OZZpt8CrBLv+cjsE=",
        "owner": "nix-community",
        "repo": "home-manager",
        "rev": "0acbd1180697de56724821184ad2c3e6e7202cd7",
        "type": "github"
      },
      "original": {
        "owner": "nix-community",
        "repo": "home-manager",
        "type": "github"
      }
    },
    "jninja2TemplateSrc": {
      "flake": false,
      "locked": {
        "lastModified": 1743812786,
        "narHash": "sha256-k3xNm7AF0TBh9lzxbfD7RHVZJ88Ga9lCZYvKf0GIc3A=",
        "owner": "PiotrMachowski",
        "repo": "Home-Assistant-Lovelace-HTML-Jinja2-Template-card",
        "rev": "1da4df8f0e926c5532921c8c91cfef4a8dec58fb",
        "type": "github"
      },
      "original": {
        "owner": "PiotrMachowski",
        "repo": "Home-Assistant-Lovelace-HTML-Jinja2-Template-card",
        "type": "github"
      }
    },
    "machSrc": {
      "flake": false,
      "locked": {
        "lastModified": 1770321809,
        "narHash": "sha256-AJdny/gRM5Yjw82zXarddu5PVE+/rXbrNGvpGC1W3r8=",
        "owner": "cloudflare",
        "repo": "networkquality-rs",
        "rev": "ecf205901fc1627feb681697f3fab30fdc363cbc",
        "type": "github"
      },
      "original": {
        "owner": "cloudflare",
        "repo": "networkquality-rs",
        "type": "github"
      }
    },
    "nix-index-database": {
      "inputs": {
        "nixpkgs": [
          "nixpkgs"
        ]
      },
      "locked": {
        "lastModified": 1770315571,
        "narHash": "sha256-hy0gcAgAcxrnSWKGuNO+Ob0x6jQ2xkR6hoaR0qJBHYs=",
        "owner": "nix-community",
        "repo": "nix-index-database",
        "rev": "2684bb8080a6f2ca5f9d494de5ef875bc1c4ecdb",
        "type": "github"
      },
      "original": {
        "owner": "nix-community",
        "repo": "nix-index-database",
        "type": "github"
      }
    },
    "nixos-hardware": {
      "locked": {
        "lastModified": 1770631810,
        "narHash": "sha256-b7iK/x+zOXbjhRqa+XBlYla4zFvPZyU5Ln2HJkiSnzc=",
        "owner": "NixOS",
        "repo": "nixos-hardware",
        "rev": "2889685785848de940375bf7fea5e7c5a3c8d502",
        "type": "github"
      },
      "original": {
        "owner": "NixOS",
        "repo": "nixos-hardware",
        "type": "github"
      }
    },
    "nixpkgs": {
      "locked": {
        "lastModified": 1770818322,
        "narHash": "sha256-tttCN+yrhM7svQW6DqtS3JV9POrRJAaS/e0xuUHBTEM=",
        "owner": "NixOS",
        "repo": "nixpkgs",
        "rev": "d9ca3a4b73f19ea147c9d977d3dde8f612ac648f",
        "type": "github"
      },
      "original": {
        "owner": "NixOS",
        "ref": "nixos-unstable-small",
        "repo": "nixpkgs",
        "type": "github"
      }
    },
    "plasma-manager": {
      "inputs": {
        "home-manager": [
          "home-manager"
        ],
        "nixpkgs": [
          "nixpkgs"
        ]
      },
      "locked": {
        "lastModified": 1770766818,
        "narHash": "sha256-12RCFLyAedyMOdenUi7cN3ioJPEGjA/ZG1BLjugfUVs=",
        "owner": "nix-community",
        "repo": "plasma-manager",
        "rev": "44b928068359b7d2310a34de39555c63c93a2c90",
        "type": "github"
      },
      "original": {
        "owner": "nix-community",
        "repo": "plasma-manager",
        "type": "github"
      }
    },
    "powerFlowCardSrc": {
      "flake": false,
      "locked": {
        "lastModified": 1764604040,
        "narHash": "sha256-SPKNzZLuFMxwo787naDiXnwnwxBjYPinxK52M9T2CuU=",
        "owner": "flixlix",
        "repo": "power-flow-card-plus",
        "rev": "0fcd3d2ebae3a90c480ebfe8782d2858ef55375e",
        "type": "github"
      },
      "original": {
        "owner": "flixlix",
        "repo": "power-flow-card-plus",
        "type": "github"
      }
    },
    "root": {
      "inputs": {
        "darwin": "darwin",
        "foxessModbusSrc": "foxessModbusSrc",
        "home-manager": "home-manager",
        "jninja2TemplateSrc": "jninja2TemplateSrc",
        "machSrc": "machSrc",
        "nix-index-database": "nix-index-database",
        "nixos-hardware": "nixos-hardware",
        "nixpkgs": "nixpkgs",
        "plasma-manager": "plasma-manager",
        "powerFlowCardSrc": "powerFlowCardSrc",
        "rtw89Src": "rtw89Src",
        "t2fanrd": "t2fanrd"
      }
    },
    "rtw89Src": {
      "flake": false,
      "locked": {
        "lastModified": 1770157402,
        "narHash": "sha256-UoiiyiOtU12FzWx7KqWEiTbulHRBbhT7bd7L97NniHo=",
        "owner": "morrownr",
        "repo": "rtw89",
        "rev": "95b2936fbe92e735513daedf9abac2b1ae62189e",
        "type": "github"
      },
      "original": {
        "owner": "morrownr",
        "repo": "rtw89",
        "type": "github"
      }
    },
    "t2fanrd": {
      "inputs": {
        "nixpkgs": [
          "nixpkgs"
        ]
      },
      "locked": {
        "lastModified": 1765491771,
        "narHash": "sha256-sx5FZs6Lm97bAr7grlGBrTlZ8KbIy4716iySJqZFsL4=",
        "owner": "GnomedDev",
        "repo": "t2fanrd",
        "rev": "bd39827730e612fad08aa94334ff107bbfa5a69f",
        "type": "github"
      },
      "original": {
        "owner": "GnomedDev",
        "ref": "feat/min-max-override",
        "repo": "t2fanrd",
        "type": "github"
      }
    }
  },
  "root": "root",
  "version": 7
}
