{
  "nodes": {
    "darwin": {
      "inputs": {
        "nixpkgs": [
          "nixpkgs"
        ]
      },
      "locked": {
        "lastModified": 1775037210,
        "narHash": "sha256-KM2WYj6EA7M/FVZVCl3rqWY+TFV5QzSyyGE2gQxeODU=",
        "owner": "nix-darwin",
        "repo": "nix-darwin",
        "rev": "06648f4902343228ce2de79f291dd5a58ee12146",
        "type": "github"
      },
      "original": {
        "owner": "nix-darwin",
        "repo": "nix-darwin",
        "type": "github"
      }
    },
    "foxessModbusSrc": {
      "flake": false,
      "locked": {
        "lastModified": 1774438518,
        "narHash": "sha256-zBEzDPSHUzSzeN4ZKAm9jW6fmUGxxY8gD8T36u954Yk=",
        "owner": "nathanmarlor",
        "repo": "foxess_modbus",
        "rev": "897c8026dd3a677ed5b5fc49e52fc72d14210776",
        "type": "github"
      },
      "original": {
        "owner": "nathanmarlor",
        "repo": "foxess_modbus",
        "type": "github"
      }
    },
    "home-manager": {
      "inputs": {
        "nixpkgs": [
          "nixpkgs"
        ]
      },
      "locked": {
        "lastModified": 1776184304,
        "narHash": "sha256-No6QGBmIv5ChiwKCcbkxjdEQ/RO2ZS1gD7SFy6EZ7rc=",
        "owner": "nix-community",
        "repo": "home-manager",
        "rev": "3c7524c68348ef79ce48308e0978611a050089b2",
        "type": "github"
      },
      "original": {
        "owner": "nix-community",
        "repo": "home-manager",
        "type": "github"
      }
    },
    "jninja2TemplateSrc": {
      "flake": false,
      "locked": {
        "lastModified": 1743812786,
        "narHash": "sha256-k3xNm7AF0TBh9lzxbfD7RHVZJ88Ga9lCZYvKf0GIc3A=",
        "owner": "PiotrMachowski",
        "repo": "Home-Assistant-Lovelace-HTML-Jinja2-Template-card",
        "rev": "1da4df8f0e926c5532921c8c91cfef4a8dec58fb",
        "type": "github"
      },
      "original": {
        "owner": "PiotrMachowski",
        "repo": "Home-Assistant-Lovelace-HTML-Jinja2-Template-card",
        "type": "github"
      }
    },
    "machSrc": {
      "flake": false,
      "locked": {
        "lastModified": 1770321809,
        "narHash": "sha256-AJdny/gRM5Yjw82zXarddu5PVE+/rXbrNGvpGC1W3r8=",
        "owner": "cloudflare",
        "repo": "networkquality-rs",
        "rev": "ecf205901fc1627feb681697f3fab30fdc363cbc",
        "type": "github"
      },
      "original": {
        "owner": "cloudflare",
        "repo": "networkquality-rs",
        "type": "github"
      }
    },
    "nix-index-database": {
      "inputs": {
        "nixpkgs": [
          "nixpkgs"
        ]
      },
      "locked": {
        "lastModified": 1775970782,
        "narHash": "sha256-7jt9Vpm48Yy5yAWigYpde+HxtYEpEuyzIQJF4VYehhk=",
        "owner": "nix-community",
        "repo": "nix-index-database",
        "rev": "bedba5989b04614fc598af9633033b95a937933f",
        "type": "github"
      },
      "original": {
        "owner": "nix-community",
        "repo": "nix-index-database",
        "type": "github"
      }
    },
    "nixos-hardware": {
      "locked": {
        "lastModified": 1775490113,
        "narHash": "sha256-2ZBhDNZZwYkRmefK5XLOusCJHnoeKkoN95hoSGgMxWM=",
        "owner": "NixOS",
        "repo": "nixos-hardware",
        "rev": "c775c2772ba56e906cbeb4e0b2db19079ef11ff7",
        "type": "github"
      },
      "original": {
        "owner": "NixOS",
        "repo": "nixos-hardware",
        "type": "github"
      }
    },
    "nixpkgs": {
      "locked": {
        "lastModified": 1776169885,
        "narHash": "sha256-l/iNYDZ4bGOAFQY2q8y5OAfBBtrDAaPuRQqWaFHVRXM=",
        "owner": "NixOS",
        "repo": "nixpkgs",
        "rev": "4bd9165a9165d7b5e33ae57f3eecbcb28fb231c9",
        "type": "github"
      },
      "original": {
        "owner": "NixOS",
        "ref": "nixos-unstable",
        "repo": "nixpkgs",
        "type": "github"
      }
    },
    "plasma-manager": {
      "inputs": {
        "home-manager": [
          "home-manager"
        ],
        "nixpkgs": [
          "nixpkgs"
        ]
      },
      "locked": {
        "lastModified": 1775856943,
        "narHash": "sha256-b7Mp7P+q2Md5AGt4rjHfMcBykzMumFTen10ST++AuTU=",
        "owner": "nix-community",
        "repo": "plasma-manager",
        "rev": "a524a6160e6df89f7673ba293cf7d78b559eb1a5",
        "type": "github"
      },
      "original": {
        "owner": "nix-community",
        "repo": "plasma-manager",
        "type": "github"
      }
    },
    "powerFlowCardSrc": {
      "flake": false,
      "locked": {
        "lastModified": 1776113368,
        "narHash": "sha256-+vS78S3ULBaZNGjWEYHPMRjhaXMUKpnSkMaTuZZVTvo=",
        "owner": "flixlix",
        "repo": "power-flow-card-plus",
        "rev": "7b1a6fff461f6f8530e5b0b899a583a11a3eab5c",
        "type": "github"
      },
      "original": {
        "owner": "flixlix",
        "repo": "power-flow-card-plus",
        "type": "github"
      }
    },
    "root": {
      "inputs": {
        "darwin": "darwin",
        "foxessModbusSrc": "foxessModbusSrc",
        "home-manager": "home-manager",
        "jninja2TemplateSrc": "jninja2TemplateSrc",
        "machSrc": "machSrc",
        "nix-index-database": "nix-index-database",
        "nixos-hardware": "nixos-hardware",
        "nixpkgs": "nixpkgs",
        "plasma-manager": "plasma-manager",
        "powerFlowCardSrc": "powerFlowCardSrc",
        "rtw89Src": "rtw89Src",
        "t2fanrd": "t2fanrd",
        "ttsServiceSrc": "ttsServiceSrc"
      }
    },
    "rtw89Src": {
      "flake": false,
      "locked": {
        "lastModified": 1776139772,
        "narHash": "sha256-KaSwfVermkrfSV76yfoSxQrpmUTkq8AqvIOCk7neInM=",
        "owner": "morrownr",
        "repo": "rtw89",
        "rev": "1e33ef7657531b2361d53cca25f375b5626e76a9",
        "type": "github"
      },
      "original": {
        "owner": "morrownr",
        "repo": "rtw89",
        "type": "github"
      }
    },
    "t2fanrd": {
      "inputs": {
        "nixpkgs": [
          "nixpkgs"
        ]
      },
      "locked": {
        "lastModified": 1765491771,
        "narHash": "sha256-sx5FZs6Lm97bAr7grlGBrTlZ8KbIy4716iySJqZFsL4=",
        "owner": "GnomedDev",
        "repo": "t2fanrd",
        "rev": "bd39827730e612fad08aa94334ff107bbfa5a69f",
        "type": "github"
      },
      "original": {
        "owner": "GnomedDev",
        "ref": "feat/min-max-override",
        "repo": "t2fanrd",
        "type": "github"
      }
    },
    "ttsServiceSrc": {
      "flake": false,
      "locked": {
        "lastModified": 1776107846,
        "narHash": "sha256-vh5pGW03m3QGinnEsGS2lh+RmJwBcRl3U6MgF+AXw5s=",
        "owner": "Discord-TTS",
        "repo": "tts-service",
        "rev": "43bc53ad1aaadc4e0f676e3d76bb01f7bd7b46d4",
        "type": "github"
      },
      "original": {
        "owner": "Discord-TTS",
        "repo": "tts-service",
        "type": "github"
      }
    }
  },
  "root": "root",
  "version": 7
}
